// !$*UTF8*$!
{
	archiveVersion = 1;
	classes = {
	};
	objectVersion = 50;
	objects = {

/* Begin PBXBuildFile section */
		BABA30DC264AF80A003EAC22 /* AppDelegate.swift in Sources */ = {isa = PBXBuildFile; fileRef = BABA30DB264AF80A003EAC22 /* AppDelegate.swift */; };
		BABA30DE264AF80A003EAC22 /* ContentView.swift in Sources */ = {isa = PBXBuildFile; fileRef = BABA30DD264AF80A003EAC22 /* ContentView.swift */; };
		BABA30E0264AF80B003EAC22 /* Assets.xcassets in Resources */ = {isa = PBXBuildFile; fileRef = BABA30DF264AF80B003EAC22 /* Assets.xcassets */; };
		BABA30E3264AF80B003EAC22 /* Preview Assets.xcassets in Resources */ = {isa = PBXBuildFile; fileRef = BABA30E2264AF80B003EAC22 /* Preview Assets.xcassets */; };
		BABA30E6264AF80B003EAC22 /* Main.storyboard in Resources */ = {isa = PBXBuildFile; fileRef = BABA30E4264AF80B003EAC22 /* Main.storyboard */; };
		BAE5FB5E264AFC2800147FF8 /* AVCaptureDeviceConfigurator.swift in Sources */ = {isa = PBXBuildFile; fileRef = BAE5FB5C264AFC2800147FF8 /* AVCaptureDeviceConfigurator.swift */; };
		BAE5FB5F264AFC2800147FF8 /* Screen.swift in Sources */ = {isa = PBXBuildFile; fileRef = BAE5FB5D264AFC2800147FF8 /* Screen.swift */; };
/* End PBXBuildFile section */

/* Begin PBXFileReference section */
		BA500A57264AFE2F00AEEF64 /* IOSCaptureSample.entitlements */ = {isa = PBXFileReference; lastKnownFileType = text.plist.entitlements; path = IOSCaptureSample.entitlements; sourceTree = "<group>"; };
		BABA30D8264AF80A003EAC22 /* IOSCaptureSample.app */ = {isa = PBXFileReference; explicitFileType = wrapper.application; includeInIndex = 0; path = IOSCaptureSample.app; sourceTree = BUILT_PRODUCTS_DIR; };
		BABA30DB264AF80A003EAC22 /* AppDelegate.swift */ = {isa = PBXFileReference; lastKnownFileType = sourcecode.swift; path = AppDelegate.swift; sourceTree = "<group>"; };
		BABA30DD264AF80A003EAC22 /* ContentView.swift */ = {isa = PBXFileReference; lastKnownFileType = sourcecode.swift; path = ContentView.swift; sourceTree = "<group>"; };
		BABA30DF264AF80B003EAC22 /* Assets.xcassets */ = {isa = PBXFileReference; lastKnownFileType = folder.assetcatalog; path = Assets.xcassets; sourceTree = "<group>"; };
		BABA30E2264AF80B003EAC22 /* Preview Assets.xcassets */ = {isa = PBXFileReference; lastKnownFileType = folder.assetcatalog; path = "Preview Assets.xcassets"; sourceTree = "<group>"; };
		BABA30E5264AF80B003EAC22 /* Base */ = {isa = PBXFileReference; lastKnownFileType = file.storyboard; name = Base; path = Base.lproj/Main.storyboard; sourceTree = "<group>"; };
		BABA30E7264AF80B003EAC22 /* Info.plist */ = {isa = PBXFileReference; lastKnownFileType = text.plist.xml; path = Info.plist; sourceTree = "<group>"; };
		BAE5FB5C264AFC2800147FF8 /* AVCaptureDeviceConfigurator.swift */ = {isa = PBXFileReference; fileEncoding = 4; lastKnownFileType = sourcecode.swift; path = AVCaptureDeviceConfigurator.swift; sourceTree = "<group>"; };
		BAE5FB5D264AFC2800147FF8 /* Screen.swift */ = {isa = PBXFileReference; fileEncoding = 4; lastKnownFileType = sourcecode.swift; path = Screen.swift; sourceTree = "<group>"; };
/* End PBXFileReference section */

/* Begin PBXFrameworksBuildPhase section */
		BABA30D5264AF80A003EAC22 /* Frameworks */ = {
			isa = PBXFrameworksBuildPhase;
			buildActionMask = 2147483647;
			files = (
			);
			runOnlyForDeploymentPostprocessing = 0;
		};
/* End PBXFrameworksBuildPhase section */

/* Begin PBXGroup section */
		BABA30CF264AF80A003EAC22 = {
			isa = PBXGroup;
			children = (
				BABA30DA264AF80A003EAC22 /* IOSCaptureSample */,
				BABA30D9264AF80A003EAC22 /* Products */,
			);
			sourceTree = "<group>";
		};
		BABA30D9264AF80A003EAC22 /* Products */ = {
			isa = PBXGroup;
			children = (
				BABA30D8264AF80A003EAC22 /* IOSCaptureSample.app */,
			);
			name = Products;
			sourceTree = "<group>";
		};
		BABA30DA264AF80A003EAC22 /* IOSCaptureSample */ = {
			isa = PBXGroup;
			children = (
				BAE5FB5C264AFC2800147FF8 /* AVCaptureDeviceConfigurator.swift */,
				BAE5FB5D264AFC2800147FF8 /* Screen.swift */,
				BABA30DB264AF80A003EAC22 /* AppDelegate.swift */,
				BABA30DD264AF80A003EAC22 /* ContentView.swift */,
				BABA30DF264AF80B003EAC22 /* Assets.xcassets */,
				BABA30E4264AF80B003EAC22 /* Main.storyboard */,
				BABA30E7264AF80B003EAC22 /* Info.plist */,
				BA500A57264AFE2F00AEEF64 /* IOSCaptureSample.entitlements */,
				BABA30E1264AF80B003EAC22 /* Preview Content */,
			);
			path = IOSCaptureSample;
			sourceTree = "<group>";
		};
		BABA30E1264AF80B003EAC22 /* Preview Content */ = {
			isa = PBXGroup;
			children = (
				BABA30E2264AF80B003EAC22 /* Preview Assets.xcassets */,
			);
			path = "Preview Content";
			sourceTree = "<group>";
		};
/* End PBXGroup section */

/* Begin PBXNativeTarget section */
		BABA30D7264AF80A003EAC22 /* IOSCaptureSample */ = {
			isa = PBXNativeTarget;
			buildConfigurationList = BABA30EB264AF80B003EAC22 /* Build configuration list for PBXNativeTarget "IOSCaptureSample" */;
			buildPhases = (
				BABA30D4264AF80A003EAC22 /* Sources */,
				BABA30D5264AF80A003EAC22 /* Frameworks */,
				BABA30D6264AF80A003EAC22 /* Resources */,
			);
			buildRules = (
			);
			dependencies = (
			);
			name = IOSCaptureSample;
			productName = test;
			productReference = BABA30D8264AF80A003EAC22 /* IOSCaptureSample.app */;
			productType = "com.apple.product-type.application";
		};
/* End PBXNativeTarget section */

/* Begin PBXProject section */
		BABA30D0264AF80A003EAC22 /* Project object */ = {
			isa = PBXProject;
			attributes = {
				LastSwiftUpdateCheck = 1250;
				LastUpgradeCheck = 1250;
				TargetAttributes = {
					BABA30D7264AF80A003EAC22 = {
						CreatedOnToolsVersion = 12.5;
					};
				};
			};
			buildConfigurationList = BABA30D3264AF80A003EAC22 /* Build configuration list for PBXProject "IOSCaptureSample" */;
			compatibilityVersion = "Xcode 9.3";
			developmentRegion = en;
			hasScannedForEncodings = 0;
			knownRegions = (
				en,
				Base,
			);
			mainGroup = BABA30CF264AF80A003EAC22;
			productRefGroup = BABA30D9264AF80A003EAC22 /* Products */;
			projectDirPath = "";
			projectRoot = "";
			targets = (
				BABA30D7264AF80A003EAC22 /* IOSCaptureSample */,
			);
		};
/* End PBXProject section */

/* Begin PBXResourcesBuildPhase section */
		BABA30D6264AF80A003EAC22 /* Resources */ = {
			isa = PBXResourcesBuildPhase;
			buildActionMask = 2147483647;
			files = (
				BABA30E6264AF80B003EAC22 /* Main.storyboard in Resources */,
				BABA30E3264AF80B003EAC22 /* Preview Assets.xcassets in Resources */,
				BABA30E0264AF80B003EAC22 /* Assets.xcassets in Resources */,
			);
			runOnlyForDeploymentPostprocessing = 0;
		};
/* End PBXResourcesBuildPhase section */

/* Begin PBXSourcesBuildPhase section */
		BABA30D4264AF80A003EAC22 /* Sources */ = {
			isa = PBXSourcesBuildPhase;
			buildActionMask = 2147483647;
			files = (
				BABA30DE264AF80A003EAC22 /* ContentView.swift in Sources */,
				BABA30DC264AF80A003EAC22 /* AppDelegate.swift in Sources */,
				BAE5FB5E264AFC2800147FF8 /* AVCaptureDeviceConfigurator.swift in Sources */,
				BAE5FB5F264AFC2800147FF8 /* Screen.swift in Sources */,
			);
			runOnlyForDeploymentPostprocessing = 0;
		};
/* End PBXSourcesBuildPhase section */

/* Begin PBXVariantGroup section */
		BABA30E4264AF80B003EAC22 /* Main.storyboard */ = {
			isa = PBXVariantGroup;
			children = (
				BABA30E5264AF80B003EAC22 /* Base */,
			);
			name = Main.storyboard;
			sourceTree = "<group>";
		};
/* End PBXVariantGroup section */

/* Begin XCBuildConfiguration section */
		BABA30E9264AF80B003EAC22 /* Debug */ = {
			isa = XCBuildConfiguration;
			buildSettings = {
				ALWAYS_SEARCH_USER_PATHS = NO;
				CLANG_ANALYZER_NONNULL = YES;
				CLANG_ANALYZER_NUMBER_OBJECT_CONVERSION = YES_AGGRESSIVE;
				CLANG_CXX_LANGUAGE_STANDARD = "gnu++14";
				CLANG_CXX_LIBRARY = "libc++";
				CLANG_ENABLE_MODULES = YES;
				CLANG_ENABLE_OBJC_ARC = YES;
				CLANG_ENABLE_OBJC_WEAK = YES;
				CLANG_WARN_BLOCK_CAPTURE_AUTORELEASING = YES;
				CLANG_WARN_BOOL_CONVERSION = YES;
				CLANG_WARN_COMMA = YES;
				CLANG_WARN_CONSTANT_CONVERSION = YES;
				CLANG_WARN_DEPRECATED_OBJC_IMPLEMENTATIONS = YES;
				CLANG_WARN_DIRECT_OBJC_ISA_USAGE = YES_ERROR;
				CLANG_WARN_DOCUMENTATION_COMMENTS = YES;
				CLANG_WARN_EMPTY_BODY = YES;
				CLANG_WARN_ENUM_CONVERSION = YES;
				CLANG_WARN_INFINITE_RECURSION = YES;
				CLANG_WARN_INT_CONVERSION = YES;
				CLANG_WARN_NON_LITERAL_NULL_CONVERSION = YES;
				CLANG_WARN_OBJC_IMPLICIT_RETAIN_SELF = YES;
				CLANG_WARN_OBJC_LITERAL_CONVERSION = YES;
				CLANG_WARN_OBJC_ROOT_CLASS = YES_ERROR;
				CLANG_WARN_QUOTED_INCLUDE_IN_FRAMEWORK_HEADER = YES;
				CLANG_WARN_RANGE_LOOP_ANALYSIS = YES;
				CLANG_WARN_STRICT_PROTOTYPES = YES;
				CLANG_WARN_SUSPICIOUS_MOVE = YES;
				CLANG_WARN_UNGUARDED_AVAILABILITY = YES_AGGRESSIVE;
				CLANG_WARN_UNREACHABLE_CODE = YES;
				CLANG_WARN__DUPLICATE_METHOD_MATCH = YES;
				COPY_PHASE_STRIP = NO;
				DEBUG_INFORMATION_FORMAT = dwarf;
				ENABLE_STRICT_OBJC_MSGSEND = YES;
				ENABLE_TESTABILITY = YES;
				GCC_C_LANGUAGE_STANDARD = gnu11;
				GCC_DYNAMIC_NO_PIC = NO;
				GCC_NO_COMMON_BLOCKS = YES;
				GCC_OPTIMIZATION_LEVEL = 0;
				GCC_PREPROCESSOR_DEFINITIONS = (
					"DEBUG=1",
					"$(inherited)",
				);
				GCC_WARN_64_TO_32_BIT_CONVERSION = YES;
				GCC_WARN_ABOUT_RETURN_TYPE = YES_ERROR;
				GCC_WARN_UNDECLARED_SELECTOR = YES;
				GCC_WARN_UNINITIALIZED_AUTOS = YES_AGGRESSIVE;
				GCC_WARN_UNUSED_FUNCTION = YES;
				GCC_WARN_UNUSED_VARIABLE = YES;
				MACOSX_DEPLOYMENT_TARGET = 11.3;
				MTL_ENABLE_DEBUG_INFO = INCLUDE_SOURCE;
				MTL_FAST_MATH = YES;
				ONLY_ACTIVE_ARCH = YES;
				SDKROOT = macosx;
				SWIFT_ACTIVE_COMPILATION_CONDITIONS = DEBUG;
				SWIFT_OPTIMIZATION_LEVEL = "-Onone";
			};
			name = Debug;
		};
		BABA30EA264AF80B003EAC22 /* Release */ = {
			isa = XCBuildConfiguration;
			buildSettings = {
				ALWAYS_SEARCH_USER_PATHS = NO;
				CLANG_ANALYZER_NONNULL = YES;
				CLANG_ANALYZER_NUMBER_OBJECT_CONVERSION = YES_AGGRESSIVE;
				CLANG_CXX_LANGUAGE_STANDARD = "gnu++14";
				CLANG_CXX_LIBRARY = "libc++";
				CLANG_ENABLE_MODULES = YES;
				CLANG_ENABLE_OBJC_ARC = YES;
				CLANG_ENABLE_OBJC_WEAK = YES;
				CLANG_WARN_BLOCK_CAPTURE_AUTORELEASING = YES;
				CLANG_WARN_BOOL_CONVERSION = YES;
				CLANG_WARN_COMMA = YES;
				CLANG_WARN_CONSTANT_CONVERSION = YES;
				CLANG_WARN_DEPRECATED_OBJC_IMPLEMENTATIONS = YES;
				CLANG_WARN_DIRECT_OBJC_ISA_USAGE = YES_ERROR;
				CLANG_WARN_DOCUMENTATION_COMMENTS = YES;
				CLANG_WARN_EMPTY_BODY = YES;
				CLANG_WARN_ENUM_CONVERSION = YES;
				CLANG_WARN_INFINITE_RECURSION = YES;
				CLANG_WARN_INT_CONVERSION = YES;
				CLANG_WARN_NON_LITERAL_NULL_CONVERSION = YES;
				CLANG_WARN_OBJC_IMPLICIT_RETAIN_SELF = YES;
				CLANG_WARN_OBJC_LITERAL_CONVERSION = YES;
				CLANG_WARN_OBJC_ROOT_CLASS = YES_ERROR;
				CLANG_WARN_QUOTED_INCLUDE_IN_FRAMEWORK_HEADER = YES;
				CLANG_WARN_RANGE_LOOP_ANALYSIS = YES;
				CLANG_WARN_STRICT_PROTOTYPES = YES;
				CLANG_WARN_SUSPICIOUS_MOVE = YES;
				CLANG_WARN_UNGUARDED_AVAILABILITY = YES_AGGRESSIVE;
				CLANG_WARN_UNREACHABLE_CODE = YES;
				CLANG_WARN__DUPLICATE_METHOD_MATCH = YES;
				COPY_PHASE_STRIP = NO;
				DEBUG_INFORMATION_FORMAT = "dwarf-with-dsym";
				ENABLE_NS_ASSERTIONS = NO;
				ENABLE_STRICT_OBJC_MSGSEND = YES;
				GCC_C_LANGUAGE_STANDARD = gnu11;
				GCC_NO_COMMON_BLOCKS = YES;
				GCC_WARN_64_TO_32_BIT_CONVERSION = YES;
				GCC_WARN_ABOUT_RETURN_TYPE = YES_ERROR;
				GCC_WARN_UNDECLARED_SELECTOR = YES;
				GCC_WARN_UNINITIALIZED_AUTOS = YES_AGGRESSIVE;
				GCC_WARN_UNUSED_FUNCTION = YES;
				GCC_WARN_UNUSED_VARIABLE = YES;
				MACOSX_DEPLOYMENT_TARGET = 11.3;
				MTL_ENABLE_DEBUG_INFO = NO;
				MTL_FAST_MATH = YES;
				SDKROOT = macosx;
				SWIFT_COMPILATION_MODE = wholemodule;
				SWIFT_OPTIMIZATION_LEVEL = "-O";
			};
			name = Release;
		};
		BABA30EC264AF80B003EAC22 /* Debug */ = {
			isa = XCBuildConfiguration;
			buildSettings = {
				ASSETCATALOG_COMPILER_APPICON_NAME = AppIcon;
				ASSETCATALOG_COMPILER_GLOBAL_ACCENT_COLOR_NAME = AccentColor;
				CODE_SIGN_ENTITLEMENTS = IOSCaptureSample/IOSCaptureSample.entitlements;
				CODE_SIGN_IDENTITY = "-";
				CODE_SIGN_STYLE = Automatic;
				COMBINE_HIDPI_IMAGES = YES;
				DEVELOPMENT_ASSET_PATHS = "\"IOSCaptureSample/Preview Content\"";
				DEVELOPMENT_TEAM = WSAUVM3XKG;
				ENABLE_HARDENED_RUNTIME = YES;
				ENABLE_PREVIEWS = YES;
				INFOPLIST_FILE = IOSCaptureSample/Info.plist;
				LD_RUNPATH_SEARCH_PATHS = (
					"$(inherited)",
					"@executable_path/../Frameworks",
				);
				MACOSX_DEPLOYMENT_TARGET = 10.15;
				PRODUCT_BUNDLE_IDENTIFIER = co.bridgeui.IOSCaptureSample;
				PRODUCT_NAME = "$(TARGET_NAME)";
				SWIFT_VERSION = 5.0;
			};
			name = Debug;
		};
		BABA30ED264AF80B003EAC22 /* Release */ = {
			isa = XCBuildConfiguration;
			buildSettings = {
				ASSETCATALOG_COMPILER_APPICON_NAME = AppIcon;
				ASSETCATALOG_COMPILER_GLOBAL_ACCENT_COLOR_NAME = AccentColor;
				CODE_SIGN_ENTITLEMENTS = IOSCaptureSample/IOSCaptureSample.entitlements;
				CODE_SIGN_IDENTITY = "-";
				CODE_SIGN_STYLE = Automatic;
				COMBINE_HIDPI_IMAGES = YES;
				DEVELOPMENT_ASSET_PATHS = "\"IOSCaptureSample/Preview Content\"";
				DEVELOPMENT_TEAM = WSAUVM3XKG;
				ENABLE_HARDENED_RUNTIME = YES;
				ENABLE_PREVIEWS = YES;
				INFOPLIST_FILE = IOSCaptureSample/Info.plist;
				LD_RUNPATH_SEARCH_PATHS = (
					"$(inherited)",
					"@executable_path/../Frameworks",
				);
				MACOSX_DEPLOYMENT_TARGET = 10.15;
				PRODUCT_BUNDLE_IDENTIFIER = co.bridgeui.IOSCaptureSample;
				PRODUCT_NAME = "$(TARGET_NAME)";
				SWIFT_VERSION = 5.0;
			};
			name = Release;
		};
/* End XCBuildConfiguration section */

/* Begin XCConfigurationList section */
		BABA30D3264AF80A003EAC22 /* Build configuration list for PBXProject "IOSCaptureSample" */ = {
			isa = XCConfigurationList;
			buildConfigurations = (
				BABA30E9264AF80B003EAC22 /* Debug */,
				BABA30EA264AF80B003EAC22 /* Release */,
			);
			defaultConfigurationIsVisible = 0;
			defaultConfigurationName = Release;
		};
		BABA30EB264AF80B003EAC22 /* Build configuration list for PBXNativeTarget "IOSCaptureSample" */ = {
			isa = XCConfigurationList;
			buildConfigurations = (
				BABA30EC264AF80B003EAC22 /* Debug */,
				BABA30ED264AF80B003EAC22 /* Release */,
			);
			defaultConfigurationIsVisible = 0;
			defaultConfigurationName = Release;
		};
/* End XCConfigurationList section */
	};
	rootObject = BABA30D0264AF80A003EAC22 /* Project object */;
}
